{
  "name": "chromejsprofiler",
  "version": "1.0.0",
  "lockfileVersion": 1,
  "requires": true,
  "dependencies": {
    "chrome-remote-interface": {
      "version": "0.24.4",
      "resolved": "https://registry.npmjs.org/chrome-remote-interface/-/chrome-remote-interface-0.24.4.tgz",
      "integrity": "sha512-vSBy/FI93B6sTfaRaSl4Dmx6mGvSwT1rpZevPFvQmVSiuNpS/9NGE/3NPl3MkVSXM6JDx9yWKZNkOJ9iMd/hBw==",
      "requires": {
        "commander": "2.1.0",
        "ws": "2.0.3"
      }
    },
    "commander": {
      "version": "2.1.0",
      "resolved": "https://registry.npmjs.org/commander/-/commander-2.1.0.tgz",
      "integrity": "sha1-0SG7roYNmZKj1Re6lvVliOR8Z4E="
    },
    "ultron": {
      "version": "1.1.0",
      "resolved": "https://registry.npmjs.org/ultron/-/ultron-1.1.0.tgz",
      "integrity": "sha1-sHoualQagV/Go0zNRTO67DB8qGQ="
    },
    "ws": {
      "version": "2.0.3",
      "resolved": "https://registry.npmjs.org/ws/-/ws-2.0.3.tgz",
      "integrity": "sha1-Uy/UmcP319cg5UPx+AcQbPxX2cs=",
      "requires": {
        "ultron": "1.1.0"
      }
    }
  }
}
